
Microsoft Visual Studio Solution File, Format Version 12.00
# Visual Studio Version 16
VisualStudioVersion = 16.0.31911.196
MinimumVisualStudioVersion = 10.0.40219.1
Project("{FAE04EC0-301F-11D3-BF4B-00C04F79EFBC}") = "Lab 14", "Lab 14\Lab 14.csproj", "{CA3DB708-A2F7-48F4-BFBD-CCD37C00658C}"
EndProject
Global
	GlobalSection(SolutionConfigurationPlatforms) = preSolution
		Debug|Any CPU = Debug|Any CPU
		Release|Any CPU = Release|Any CPU
	EndGlobalSection
	GlobalSection(ProjectConfigurationPlatforms) = postSolution
		{CA3DB708-A2F7-48F4-BFBD-CCD37C00658C}.Debug|Any CPU.ActiveCfg = Debug|Any CPU
		{CA3DB708-A2F7-48F4-BFBD-CCD37C00658C}.Debug|Any CPU.Build.0 = Debug|Any CPU
		{CA3DB708-A2F7-48F4-BFBD-CCD37C00658C}.Release|Any CPU.ActiveCfg = Release|Any CPU
		{CA3DB708-A2F7-48F4-BFBD-CCD37C00658C}.Release|Any CPU.Build.0 = Release|Any CPU
	EndGlobalSection
	GlobalSection(SolutionProperties) = preSolution
		HideSolutionNode = FALSE
	EndGlobalSection
	GlobalSection(ExtensibilityGlobals) = postSolution
		SolutionGuid = {DCFC4C34-B757-4E80-A973-5AD51F1EBC67}
	EndGlobalSection
EndGlobal
